
Microsoft Visual Studio Solution File, Format Version 12.00
# Visual Studio Version 17
VisualStudioVersion = 17.10.34928.147
MinimumVisualStudioVersion = 10.0.40219.1
Project("{FAE04EC0-301F-11D3-BF4B-00C04F79EFBC}") = "M7.Cadastro.API", "M7.Cadastro.API\M7.Cadastro.API.csproj", "{544E5B40-76E9-48A8-9F74-C3CD22D31A41}"
EndProject
Project("{FAE04EC0-301F-11D3-BF4B-00C04F79EFBC}") = "M7.Cadastro.Application", "M7.Cadastro.Application\M7.Cadastro.Application.csproj", "{7CD81EC4-EA65-4867-AD8A-FA61938CD409}"
EndProject
Project("{FAE04EC0-301F-11D3-BF4B-00C04F79EFBC}") = "M7.Cadastro.Domain", "M7.Cadastro.Domain\M7.Cadastro.Domain.csproj", "{FB76D9F5-53CB-4E4B-90DE-F78DACAB7FE2}"
EndProject
Project("{FAE04EC0-301F-11D3-BF4B-00C04F79EFBC}") = "M7.Cadastro.Repository", "M7.Cadastro.Repository\M7.Cadastro.Repository.csproj", "{9DD04524-47C2-4B43-A9BA-EFF4E4D24121}"
EndProject
Global
	GlobalSection(SolutionConfigurationPlatforms) = preSolution
		Debug|Any CPU = Debug|Any CPU
		Release|Any CPU = Release|Any CPU
	EndGlobalSection
	GlobalSection(ProjectConfigurationPlatforms) = postSolution
		{544E5B40-76E9-48A8-9F74-C3CD22D31A41}.Debug|Any CPU.ActiveCfg = Debug|Any CPU
		{544E5B40-76E9-48A8-9F74-C3CD22D31A41}.Debug|Any CPU.Build.0 = Debug|Any CPU
		{544E5B40-76E9-48A8-9F74-C3CD22D31A41}.Release|Any CPU.ActiveCfg = Release|Any CPU
		{544E5B40-76E9-48A8-9F74-C3CD22D31A41}.Release|Any CPU.Build.0 = Release|Any CPU
		{7CD81EC4-EA65-4867-AD8A-FA61938CD409}.Debug|Any CPU.ActiveCfg = Debug|Any CPU
		{7CD81EC4-EA65-4867-AD8A-FA61938CD409}.Debug|Any CPU.Build.0 = Debug|Any CPU
		{7CD81EC4-EA65-4867-AD8A-FA61938CD409}.Release|Any CPU.ActiveCfg = Release|Any CPU
		{7CD81EC4-EA65-4867-AD8A-FA61938CD409}.Release|Any CPU.Build.0 = Release|Any CPU
		{FB76D9F5-53CB-4E4B-90DE-F78DACAB7FE2}.Debug|Any CPU.ActiveCfg = Debug|Any CPU
		{FB76D9F5-53CB-4E4B-90DE-F78DACAB7FE2}.Debug|Any CPU.Build.0 = Debug|Any CPU
		{FB76D9F5-53CB-4E4B-90DE-F78DACAB7FE2}.Release|Any CPU.ActiveCfg = Release|Any CPU
		{FB76D9F5-53CB-4E4B-90DE-F78DACAB7FE2}.Release|Any CPU.Build.0 = Release|Any CPU
		{9DD04524-47C2-4B43-A9BA-EFF4E4D24121}.Debug|Any CPU.ActiveCfg = Debug|Any CPU
		{9DD04524-47C2-4B43-A9BA-EFF4E4D24121}.Debug|Any CPU.Build.0 = Debug|Any CPU
		{9DD04524-47C2-4B43-A9BA-EFF4E4D24121}.Release|Any CPU.ActiveCfg = Release|Any CPU
		{9DD04524-47C2-4B43-A9BA-EFF4E4D24121}.Release|Any CPU.Build.0 = Release|Any CPU
	EndGlobalSection
	GlobalSection(SolutionProperties) = preSolution
		HideSolutionNode = FALSE
	EndGlobalSection
	GlobalSection(ExtensibilityGlobals) = postSolution
		SolutionGuid = {88F3B270-C8C5-4672-9C6A-A7118153AEAC}
	EndGlobalSection
EndGlobal
